{
    "_readme": [
        "This file locks the dependencies of your project to a known state",
        "Read more about it at https://getcomposer.org/doc/01-basic-usage.md#installing-dependencies",
        "This file is @generated automatically"
    ],
    "content-hash": "aff548b3aa12a9830ff854b0c2f241f0",
    "packages": [
        {
            "name": "mobiledetect/mobiledetectlib",
            "version": "dev-master",
            "dist": {
                "type": "path",
                "url": "../../../packages/mobiledetect/mobiledetectlib",
                "reference": "929433c0d5cb0449b5d7cf3a5ffb1d71f7f9b4af",
                "shasum": null
            },
            "require": {
                "php": ">=5.0.0"
            },
            "require-dev": {
                "phpunit/phpunit": "~4.8.35||~5.7"
            },
            "type": "library",
            "autoload": {
                "classmap": [
                    "Mobile_Detect.php"
                ],
                "psr-0": {
                    "Detection": "namespaced/"
                }
            },
            "license": [
                "MIT"
            ],
            "authors": [
                {
                    "name": "Serban Ghita",
                    "email": "serbanghita@gmail.com",
                    "homepage": "http://mobiledetect.net",
                    "role": "Developer"
                }
            ],
            "description": "Mobile_Detect is a lightweight PHP class for detecting mobile devices. It uses the User-Agent string combined with specific HTTP headers to detect the mobile environment.",
            "homepage": "https://github.com/serbanghita/Mobile-Detect",
            "keywords": [
                "detect mobile devices",
                "mobile",
                "mobile detect",
                "mobile detector",
                "php mobile detect"
            ]
        },
        {
            "name": "mrclay/minify",
            "version": "dev-master",
            "dist": {
                "type": "path",
                "url": "../../../packages/mrclay/minify",
                "reference": "18c80cbe6ac51ed567a39d0529f6072204326c12",
                "shasum": null
            },
            "require": {
                "ext-pcre": "*",
                "php": ">=5.2.1"
            },
            "require-dev": {
                "tubalmartin/cssmin": "~2.4.8"
            },
            "suggest": {
                "tubalmartin/cssmin": "Support minify with CSSMin (YUI PHP port)"
            },
            "type": "library",
            "autoload": {
                "classmap": [
                    "min/lib/"
                ]
            },
            "license": [
                "BSD-3-Clause"
            ],
            "authors": [
                {
                    "name": "Stephen Clay",
                    "email": "steve@mrclay.org",
                    "role": "Developer"
                }
            ],
            "description": "Minify is a PHP5 app that helps you follow several rules for client-side performance. It combines multiple CSS or Javascript files, removes unnecessary whitespace and comments, and serves them with gzip encoding and optimal client-side cache headers",
            "homepage": "http://code.google.com/p/minify/",
            "support": {
                "email": "minify@googlegroups.com",
                "issues": "http://code.google.com/p/minify/issues/list",
                "wiki": "http://code.google.com/p/minify/w/list"
            }
        },
        {
            "name": "mvccore/ext-debug-tracy",
            "version": "dev-master",
            "dist": {
                "type": "path",
                "url": "../../../packages/mvccore/ext-debug-tracy",
                "reference": "404aadd4d77421080391d0c6b9e53b389677c9c0",
                "shasum": null
            },
            "require": {
                "mvccore/mvccore": "dev-master",
                "php": ">=5.4.0",
                "tracy/tracy": "^2.4"
            },
            "type": "library",
            "autoload": {
                "classmap": [
                    "src/"
                ]
            },
            "license": [
                "BSD-3-Clause"
            ],
            "authors": [
                {
                    "name": "Tom Flidr",
                    "homepage": "https://github.com/tomFlidr"
                }
            ],
            "description": "MvcCore - Extension - Debug - Tracy - adapter class for Nette Framework `tracy/tracy` library.",
            "keywords": [
                "debug",
                "debug bar",
                "ext",
                "extension",
                "framework",
                "mvc",
                "mvccore",
                "nette",
                "plug-in",
                "plugin",
                "tracy",
                "var dumping"
            ]
        },
        {
            "name": "mvccore/ext-debug-tracy-mvccore",
            "version": "dev-master",
            "dist": {
                "type": "path",
                "url": "../../../packages/mvccore/ext-debug-tracy-mvccore",
                "reference": "6a4577e14fd6d64268e5042a95405d4723763f16",
                "shasum": null
            },
            "require": {
                "mvccore/ext-debug-tracy": "dev-master",
                "mvccore/mvccore": "dev-master",
                "php": ">=5.4.0"
            },
            "type": "library",
            "autoload": {
                "classmap": [
                    "src/"
                ]
            },
            "license": [
                "BSD-3-Clause"
            ],
            "authors": [
                {
                    "name": "Tom Flidr",
                    "homepage": "https://github.com/tomFlidr"
                }
            ],
            "description": "MvcCore - Extension - Debug - Tracy - Panel MvcCore - render and add into tracy debug panel current MvcCore application instance, printed by \\Tracy\\Dumper::toHtml(\\MvcCore\\Application::GetInstance()); to display main application objects used to render current page response. Rendered objects inside MvcCore app: \\MvcCore\\Request, \\MvcCore\\Response, \\MvcCore\\Router, \\MvcCore\\Controller, all preroute, predispatch and postdispatch configured handlers and many other internal application values.",
            "keywords": [
                "app overview",
                "application",
                "controller",
                "debug",
                "ext",
                "extension",
                "framework",
                "handlers",
                "instance",
                "internals",
                "mvc",
                "mvccore",
                "nette",
                "plug-in",
                "plugin",
                "request",
                "response",
                "router",
                "tracy"
            ]
        },
        {
            "name": "mvccore/ext-debug-tracy-routing",
            "version": "dev-master",
            "dist": {
                "type": "path",
                "url": "../../../packages/mvccore/ext-debug-tracy-routing",
                "reference": "63df7e6e40f0c9ea163d841278078ae836267f18",
                "shasum": null
            },
            "require": {
                "mvccore/ext-debug-tracy": "dev-master",
                "mvccore/mvccore": "dev-master",
                "php": ">=5.4.0"
            },
            "type": "library",
            "autoload": {
                "classmap": [
                    "src/"
                ]
            },
            "license": [
                "BSD-3-Clause"
            ],
            "authors": [
                {
                    "name": "Tom Flidr",
                    "homepage": "https://github.com/tomFlidr"
                }
            ],
            "description": "MvcCore - Extension - Debug - Tracy - Panel Routing - render and add into tracy debug panel all configured routes in current MvcCore application router and to display currently matched route.",
            "keywords": [
                "active route",
                "current route",
                "debug",
                "ext",
                "extension",
                "framework",
                "mvc",
                "mvccore",
                "nette",
                "plug-in",
                "plugin",
                "route",
                "router",
                "routes",
                "routing",
                "tracy"
            ]
        },
        {
            "name": "mvccore/ext-debug-tracy-session",
            "version": "dev-master",
            "dist": {
                "type": "path",
                "url": "../../../packages/mvccore/ext-debug-tracy-session",
                "reference": "972e94cbdfd1a0e54aa4db8a37df47c16484da05",
                "shasum": null
            },
            "require": {
                "mvccore/ext-debug-tracy": "dev-master",
                "mvccore/mvccore": "dev-master",
                "php": ">=5.4.0"
            },
            "type": "library",
            "autoload": {
                "classmap": [
                    "src/"
                ]
            },
            "license": [
                "BSD-3-Clause"
            ],
            "authors": [
                {
                    "name": "Tom Flidr",
                    "homepage": "https://github.com/tomFlidr"
                }
            ],
            "description": "MvcCore - Extension - Debug - Tracy - Panel Session - render and add into tracy debug panel $_SESSION content and \\MvcCore\\Session namespaces content.",
            "keywords": [
                "basic session",
                "debug",
                "ext",
                "extension",
                "framework",
                "mvc",
                "mvccore",
                "nette",
                "plug-in",
                "plugin",
                "session",
                "session namespace",
                "tracy"
            ]
        },
        {
            "name": "mvccore/ext-router-extended",
            "version": "dev-master",
            "dist": {
                "type": "path",
                "url": "../../../packages/mvccore/ext-router-extended",
                "reference": "4b40ebef0d42affcbcf9ef931fa79b54b9ee7802",
                "shasum": null
            },
            "require": {
                "mvccore/mvccore": "dev-master",
                "php": ">=5.4.0"
            },
            "type": "library",
            "autoload": {
                "classmap": [
                    "src/"
                ]
            },
            "license": [
                "BSD-3-Clause"
            ],
            "authors": [
                {
                    "name": "Tom Flidr",
                    "homepage": "https://github.com/tomFlidr"
                }
            ],
            "description": "MvcCore - Extension - Router - Extended - trait with additional properties, setters and getters required by extended router implementations - localized router and media site version router.",
            "keywords": [
                "ext",
                "extended",
                "extension",
                "framework",
                "mvc",
                "mvccore",
                "plug-in",
                "plugin",
                "router"
            ]
        },
        {
            "name": "mvccore/ext-router-localization",
            "version": "dev-master",
            "dist": {
                "type": "path",
                "url": "../../../packages/mvccore/ext-router-localization",
                "reference": "35444fc4291e597942f8dbc3ef62626a23db0709",
                "shasum": null
            },
            "require": {
                "mvccore/ext-router-extended": "dev-master",
                "mvccore/mvccore": "dev-master",
                "php": ">=5.3.0"
            },
            "type": "library",
            "autoload": {
                "classmap": [
                    "src/"
                ]
            },
            "license": [
                "BSD-3-Clause"
            ],
            "authors": [
                {
                    "name": "Tom Flidr",
                    "homepage": "https://github.com/tomFlidr"
                }
            ],
            "description": "MvcCore - Extension - Router - Localization - localized router by language and locale codes (optionaly) in url adresses. For any http method, multi or single language patterns and reverses, url adresses like '/en/custom/path', very configurable.",
            "keywords": [
                "ext",
                "extension",
                "framework",
                "lang",
                "language",
                "language version",
                "locale",
                "locale version",
                "localization",
                "localized url",
                "multi lang",
                "multi language",
                "mvc",
                "mvccore",
                "plug-in",
                "plugin",
                "router",
                "routes",
                "routing"
            ]
        },
        {
            "name": "mvccore/ext-router-media",
            "version": "dev-master",
            "dist": {
                "type": "path",
                "url": "../../../packages/mvccore/ext-router-media",
                "reference": "5f83fca6c4d7870d59ba6a1d31cce2fc51cdbd1d",
                "shasum": null
            },
            "require": {
                "mobiledetect/mobiledetectlib": "*",
                "mvccore/ext-router-extended": "dev-master",
                "mvccore/mvccore": "dev-master",
                "php": ">=5.4.0"
            },
            "type": "library",
            "autoload": {
                "classmap": [
                    "src/"
                ]
            },
            "license": [
                "BSD-3-Clause"
            ],
            "authors": [
                {
                    "name": "Tom Flidr",
                    "homepage": "https://github.com/tomFlidr"
                }
            ],
            "description": "MvcCore - Extension - Router - Media - router to have media site version (full/tablet/mobile) flag in every GET url, very configurable.",
            "keywords": [
                "address",
                "ext",
                "extension",
                "flag",
                "framework",
                "full",
                "media",
                "mobile",
                "mvc",
                "mvccore",
                "plug-in",
                "plugin",
                "router",
                "routes",
                "routing",
                "site",
                "tablet",
                "version"
            ]
        },
        {
            "name": "mvccore/ext-view-helper",
            "version": "dev-master",
            "dist": {
                "type": "path",
                "url": "../../../packages/mvccore/ext-view-helper",
                "reference": "5a5fc736fd79b679c1c5e97c12af9542e3f247e4",
                "shasum": null
            },
            "require": {
                "mvccore/mvccore": "dev-master",
                "php": ">=5.4.0"
            },
            "type": "library",
            "autoload": {
                "classmap": [
                    "src/"
                ]
            },
            "license": [
                "BSD-3-Clause"
            ],
            "authors": [
                {
                    "name": "Tom Flidr",
                    "homepage": "https://github.com/tomFlidr"
                }
            ],
            "description": "MvcCore - Extension - View - Helper - abstract class code and interface support code to create more sofisticated view helpers with better setup and protected properties.",
            "keywords": [
                "abstract",
                "ext",
                "extension",
                "framework",
                "helper",
                "interface",
                "mvc",
                "mvccore",
                "plug-in",
                "plugin",
                "support",
                "view",
                "viewhelper"
            ]
        },
        {
            "name": "mvccore/ext-view-helper-assets",
            "version": "dev-master",
            "dist": {
                "type": "path",
                "url": "../../../packages/mvccore/ext-view-helper-assets",
                "reference": "4eed5f658b04fb40739332d593e3692c9e7bc8a6",
                "shasum": null
            },
            "require": {
                "mrclay/minify": "*",
                "mvccore/ext-view-helper": "dev-master",
                "mvccore/mvccore": "dev-master",
                "nette/safe-stream": "*",
                "php": ">=5.4.0"
            },
            "type": "library",
            "autoload": {
                "classmap": [
                    "src/"
                ]
            },
            "license": [
                "BSD-3-Clause"
            ],
            "authors": [
                {
                    "name": "Tom Flidr",
                    "homepage": "https://github.com/tomFlidr"
                }
            ],
            "description": "MvcCore - Extension - View - Helper - Assets - to group, render, minify and cache javascript and css files, to prepare all application assets for final application packing.",
            "keywords": [
                "assets",
                "assets caching",
                "assets completion",
                "css",
                "ext",
                "extension",
                "framework",
                "helper",
                "javascript",
                "js",
                "mvc",
                "mvccore",
                "packing",
                "plug-in",
                "plugin",
                "prepare",
                "sheets",
                "styles",
                "view",
                "viewhelper"
            ]
        },
        {
            "name": "mvccore/ext-view-helper-linebreaks",
            "version": "dev-master",
            "dist": {
                "type": "path",
                "url": "../../../packages/mvccore/ext-view-helper-linebreaks",
                "reference": "eebd0ed72cf20d6a8e26843e363d9d061eb25813",
                "shasum": null
            },
            "require": {
                "mvccore/ext-view-helper": "dev-master",
                "mvccore/mvccore": "dev-master",
                "php": ">=5.4.0"
            },
            "type": "library",
            "autoload": {
                "classmap": [
                    "src/"
                ]
            },
            "license": [
                "BSD-3-Clause"
            ],
            "authors": [
                {
                    "name": "Tom Flidr",
                    "homepage": "https://github.com/tomFlidr"
                }
            ],
            "description": "MvcCore - Extension - View - Helper - Line Breaks - processing any visible text content for non-line breaking spaces.",
            "keywords": [
                "conjunctions",
                "digits",
                "ext",
                "extension",
                "framework",
                "helper",
                "line breaks",
                "mvc",
                "mvccore",
                "new lines",
                "plug-in",
                "plugin",
                "shortcuts",
                "text",
                "units",
                "view",
                "viewhelper"
            ]
        },
        {
            "name": "mvccore/mvccore",
            "version": "dev-master",
            "dist": {
                "type": "path",
                "url": "../../../packages/mvccore/mvccore",
                "reference": "e950bbf06e4144a36b927bbcb7c60a78df877a23",
                "shasum": null
            },
            "require": {
                "php": ">=5.4.0"
            },
            "require-dev": {
                "mvccore/ext-debug-tracy": "*"
            },
            "suggest": {
                "mvccore/ext-tracy": "MvcCore Extension - Debug - Tracy (tracy/tracy) - adapter for better development."
            },
            "type": "library",
            "autoload": {
                "classmap": [
                    "src/"
                ],
                "files": [
                    "src/startup.php"
                ]
            },
            "license": [
                "BSD-3-Clause"
            ],
            "authors": [
                {
                    "name": "Tom Flidr",
                    "homepage": "https://github.com/tomFlidr"
                }
            ],
            "description": "MvcCore is PHP MVC framework to develop and pack projects (partialy or completely) into super fast single file apps and tools.",
            "keywords": [
                "config",
                "controller",
                "core",
                "debug",
                "easy mvc",
                "framework",
                "model",
                "mvc",
                "mvccore",
                "packed",
                "packed app",
                "packing",
                "plugins",
                "request",
                "response",
                "route",
                "router",
                "session",
                "simple mvc",
                "super fast app",
                "tool",
                "view"
            ]
        },
        {
            "name": "nette/safe-stream",
            "version": "dev-master",
            "dist": {
                "type": "path",
                "url": "../../../packages/nette/safe-stream",
                "reference": "cd51f7ef93175ad3e73bf3b6a39d6d7dfe9df789",
                "shasum": null
            },
            "require": {
                "php": ">=5.3.1"
            },
            "conflict": {
                "nette/nette": "<2.2"
            },
            "require-dev": {
                "nette/tester": "~1.7",
                "tracy/tracy": "^2.3"
            },
            "type": "library",
            "extra": {
                "branch-alias": {
                    "dev-master": "2.3-dev"
                }
            },
            "autoload": {
                "files": [
                    "src/loader.php"
                ]
            },
            "license": [
                "BSD-3-Clause",
                "GPL-2.0",
                "GPL-3.0"
            ],
            "authors": [
                {
                    "name": "David Grudl",
                    "homepage": "https://davidgrudl.com"
                },
                {
                    "name": "Nette Community",
                    "homepage": "https://nette.org/contributors"
                }
            ],
            "description": "Nette SafeStream: atomic and safe manipulation with files via native PHP functions.",
            "homepage": "https://nette.org",
            "keywords": [
                "atomic",
                "filesystem",
                "nette",
                "safe"
            ]
        },
        {
            "name": "tracy/tracy",
            "version": "dev-master",
            "dist": {
                "type": "path",
                "url": "../../../packages/tracy/tracy",
                "reference": "76a22ad589596c64edf11dadc522060ee26eb0ef",
                "shasum": null
            },
            "require": {
                "ext-json": "*",
                "ext-session": "*",
                "php": ">=5.4.4"
            },
            "require-dev": {
                "nette/di": "~2.3",
                "nette/tester": "~1.7"
            },
            "suggest": {
                "https://nette.org/donate": "Please support Tracy via a donation"
            },
            "type": "library",
            "extra": {
                "branch-alias": {
                    "dev-master": "2.4-dev"
                }
            },
            "autoload": {
                "classmap": [
                    "src"
                ],
                "files": [
                    "src/shortcuts.php"
                ]
            },
            "license": [
                "BSD-3-Clause"
            ],
            "authors": [
                {
                    "name": "David Grudl",
                    "homepage": "https://davidgrudl.com"
                },
                {
                    "name": "Nette Community",
                    "homepage": "https://nette.org/contributors"
                }
            ],
            "description": "😎 Tracy: the addictive tool to ease debugging PHP code for cool developers. Friendly design, logging, profiler, advanced features like debugging AJAX calls or CLI support. You will love it.",
            "homepage": "https://tracy.nette.org",
            "keywords": [
                "debug",
                "debugger",
                "nette",
                "profiler",
                "xdebug"
            ]
        }
    ],
    "packages-dev": [],
    "aliases": [],
    "minimum-stability": "dev",
    "stability-flags": {
        "mvccore/mvccore": 20,
        "mvccore/ext-router-localization": 20,
        "mvccore/ext-router-media": 20,
        "mvccore/ext-view-helper-assets": 20,
        "mvccore/ext-view-helper-linebreaks": 20,
        "mvccore/ext-debug-tracy": 20,
        "mvccore/ext-debug-tracy-mvccore": 20,
        "mvccore/ext-debug-tracy-routing": 20,
        "mvccore/ext-debug-tracy-session": 20
    },
    "prefer-stable": false,
    "prefer-lowest": false,
    "platform": {
        "php": ">=5.4.0"
    },
    "platform-dev": []
}
